
Microsoft Visual Studio Solution File, Format Version 12.00
# Visual Studio Version 16
VisualStudioVersion = 16.0.30406.217
MinimumVisualStudioVersion = 10.0.40219.1
Project("{FAE04EC0-301F-11D3-BF4B-00C04F79EFBC}") = "Reward Points", "Reward Points\Reward Points.csproj", "{570BAED6-4252-48B7-A5C9-8F1818BA1C95}"
EndProject
Global
	GlobalSection(SolutionConfigurationPlatforms) = preSolution
		Debug|Any CPU = Debug|Any CPU
		Release|Any CPU = Release|Any CPU
	EndGlobalSection
	GlobalSection(ProjectConfigurationPlatforms) = postSolution
		{570BAED6-4252-48B7-A5C9-8F1818BA1C95}.Debug|Any CPU.ActiveCfg = Debug|Any CPU
		{570BAED6-4252-48B7-A5C9-8F1818BA1C95}.Debug|Any CPU.Build.0 = Debug|Any CPU
		{570BAED6-4252-48B7-A5C9-8F1818BA1C95}.Release|Any CPU.ActiveCfg = Release|Any CPU
		{570BAED6-4252-48B7-A5C9-8F1818BA1C95}.Release|Any CPU.Build.0 = Release|Any CPU
	EndGlobalSection
	GlobalSection(SolutionProperties) = preSolution
		HideSolutionNode = FALSE
	EndGlobalSection
	GlobalSection(ExtensibilityGlobals) = postSolution
		SolutionGuid = {C85241AF-F3B3-4315-9740-14214D88BA96}
	EndGlobalSection
EndGlobal
